{
    "doctrine/annotations": {
        "version": "1.0",
        "recipe": {
            "repo": "github.com/symfony/recipes",
            "branch": "master",
            "version": "1.0",
            "ref": "cb4152ebcadbe620ea2261da1a1c5a9b8cea7672"
        }
    },
    "doctrine/cache": {
        "version": "v1.8.0"
    },
    "doctrine/collections": {
        "version": "v1.5.0"
    },
    "doctrine/common": {
        "version": "v2.10.0"
    },
    "doctrine/dbal": {
        "version": "v2.9.1"
    },
    "doctrine/event-manager": {
        "version": "v1.0.0"
    },
    "doctrine/inflector": {
        "version": "v1.3.0"
    },
    "doctrine/lexer": {
        "version": "v1.0.1"
    },
    "doctrine/orm": {
        "version": "v2.6.3"
    },
    "doctrine/persistence": {
        "version": "v1.1.0"
    },
    "doctrine/reflection": {
        "version": "v1.0.0"
    },
    "symfony/flex": {
        "version": "1.0",
        "recipe": {
            "repo": "github.com/symfony/recipes",
            "branch": "master",
            "version": "1.0",
            "ref": "5f8a51c0fad684396f6b6c0fd770e043439cb632"
        }
    }
}
